
Microsoft Visual Studio Solution File, Format Version 12.00
# Visual Studio Version 17
VisualStudioVersion = 17.0.32112.339
MinimumVisualStudioVersion = 10.0.40219.1
Project("{8BC9CEB8-8B4A-11D0-8D11-00A0C91BC942}") = "lab1", "lab1.vcxproj", "{D7557E69-4E64-4CAA-B18E-7B2FF0B0D74C}"
EndProject
Global
	GlobalSection(SolutionConfigurationPlatforms) = preSolution
		Debug|x64 = Debug|x64
		Debug|x86 = Debug|x86
		Release|x64 = Release|x64
		Release|x86 = Release|x86
	EndGlobalSection
	GlobalSection(ProjectConfigurationPlatforms) = postSolution
		{D7557E69-4E64-4CAA-B18E-7B2FF0B0D74C}.Debug|x64.ActiveCfg = Debug|x64
		{D7557E69-4E64-4CAA-B18E-7B2FF0B0D74C}.Debug|x64.Build.0 = Debug|x64
		{D7557E69-4E64-4CAA-B18E-7B2FF0B0D74C}.Debug|x86.ActiveCfg = Debug|Win32
		{D7557E69-4E64-4CAA-B18E-7B2FF0B0D74C}.Debug|x86.Build.0 = Debug|Win32
		{D7557E69-4E64-4CAA-B18E-7B2FF0B0D74C}.Release|x64.ActiveCfg = Release|x64
		{D7557E69-4E64-4CAA-B18E-7B2FF0B0D74C}.Release|x64.Build.0 = Release|x64
		{D7557E69-4E64-4CAA-B18E-7B2FF0B0D74C}.Release|x86.ActiveCfg = Release|Win32
		{D7557E69-4E64-4CAA-B18E-7B2FF0B0D74C}.Release|x86.Build.0 = Release|Win32
	EndGlobalSection
	GlobalSection(SolutionProperties) = preSolution
		HideSolutionNode = FALSE
	EndGlobalSection
	GlobalSection(ExtensibilityGlobals) = postSolution
		SolutionGuid = {2271334A-E596-45FA-B0DC-DD2DED2AF222}
	EndGlobalSection
EndGlobal
